
Microsoft Visual Studio Solution File, Format Version 12.00
# Visual Studio Version 16
VisualStudioVersion = 16.0.31702.278
MinimumVisualStudioVersion = 10.0.40219.1
Project("{9A19103F-16F7-4668-BE54-9A1E7A4F7556}") = "MallRAj", "MallRAj.csproj", "{B8B86093-0CB3-4C81-97FE-2AB9C6424A8F}"
EndProject
Global
	GlobalSection(SolutionConfigurationPlatforms) = preSolution
		Debug|Any CPU = Debug|Any CPU
		Release|Any CPU = Release|Any CPU
	EndGlobalSection
	GlobalSection(ProjectConfigurationPlatforms) = postSolution
		{B8B86093-0CB3-4C81-97FE-2AB9C6424A8F}.Debug|Any CPU.ActiveCfg = Debug|Any CPU
		{B8B86093-0CB3-4C81-97FE-2AB9C6424A8F}.Debug|Any CPU.Build.0 = Debug|Any CPU
		{B8B86093-0CB3-4C81-97FE-2AB9C6424A8F}.Release|Any CPU.ActiveCfg = Release|Any CPU
		{B8B86093-0CB3-4C81-97FE-2AB9C6424A8F}.Release|Any CPU.Build.0 = Release|Any CPU
	EndGlobalSection
	GlobalSection(SolutionProperties) = preSolution
		HideSolutionNode = FALSE
	EndGlobalSection
	GlobalSection(ExtensibilityGlobals) = postSolution
		SolutionGuid = {F187AECD-E5DD-451A-915A-F2956240B6D6}
	EndGlobalSection
EndGlobal
